
Microsoft Visual Studio Solution File, Format Version 12.00
# Visual Studio 2013
VisualStudioVersion = 12.0.31101.0
MinimumVisualStudioVersion = 10.0.40219.1
Project("{FAE04EC0-301F-11D3-BF4B-00C04F79EFBC}") = "S02D01-Methods", "S02D01-Methods\S02D01-Methods.csproj", "{304ABB55-317D-4282-9064-993C41FDF0A6}"
EndProject
Project("{FAE04EC0-301F-11D3-BF4B-00C04F79EFBC}") = "S02D01-Methods_cont", "S02D01-Methods_cont\S02D01-Methods_cont.csproj", "{9C7DDCE5-E2C1-4DB5-B279-4A763E507E8D}"
EndProject
Project("{FAE04EC0-301F-11D3-BF4B-00C04F79EFBC}") = "S02D01-Methods_passing_by_refference", "S02D01-Methods_passing_by_refference\S02D01-Methods_passing_by_refference.csproj", "{5535AAF7-19DE-4BCF-A18B-3983E17478D7}"
EndProject
Global
	GlobalSection(SolutionConfigurationPlatforms) = preSolution
		Debug|Any CPU = Debug|Any CPU
		Release|Any CPU = Release|Any CPU
	EndGlobalSection
	GlobalSection(ProjectConfigurationPlatforms) = postSolution
		{304ABB55-317D-4282-9064-993C41FDF0A6}.Debug|Any CPU.ActiveCfg = Debug|Any CPU
		{304ABB55-317D-4282-9064-993C41FDF0A6}.Debug|Any CPU.Build.0 = Debug|Any CPU
		{304ABB55-317D-4282-9064-993C41FDF0A6}.Release|Any CPU.ActiveCfg = Release|Any CPU
		{304ABB55-317D-4282-9064-993C41FDF0A6}.Release|Any CPU.Build.0 = Release|Any CPU
		{9C7DDCE5-E2C1-4DB5-B279-4A763E507E8D}.Debug|Any CPU.ActiveCfg = Debug|Any CPU
		{9C7DDCE5-E2C1-4DB5-B279-4A763E507E8D}.Debug|Any CPU.Build.0 = Debug|Any CPU
		{9C7DDCE5-E2C1-4DB5-B279-4A763E507E8D}.Release|Any CPU.ActiveCfg = Release|Any CPU
		{9C7DDCE5-E2C1-4DB5-B279-4A763E507E8D}.Release|Any CPU.Build.0 = Release|Any CPU
		{5535AAF7-19DE-4BCF-A18B-3983E17478D7}.Debug|Any CPU.ActiveCfg = Debug|Any CPU
		{5535AAF7-19DE-4BCF-A18B-3983E17478D7}.Debug|Any CPU.Build.0 = Debug|Any CPU
		{5535AAF7-19DE-4BCF-A18B-3983E17478D7}.Release|Any CPU.ActiveCfg = Release|Any CPU
		{5535AAF7-19DE-4BCF-A18B-3983E17478D7}.Release|Any CPU.Build.0 = Release|Any CPU
	EndGlobalSection
	GlobalSection(SolutionProperties) = preSolution
		HideSolutionNode = FALSE
	EndGlobalSection
EndGlobal
