
Microsoft Visual Studio Solution File, Format Version 12.00
# Visual Studio 2013
VisualStudioVersion = 12.0.31101.0
MinimumVisualStudioVersion = 10.0.40219.1
Project("{FAE04EC0-301F-11D3-BF4B-00C04F79EFBC}") = "S10D03_Adapters", "S10D03_Adapters\S10D03_Adapters.csproj", "{272F3B0F-488E-4558-97FE-6EF2149D0148}"
EndProject
Project("{FAE04EC0-301F-11D3-BF4B-00C04F79EFBC}") = "S10D03_Files", "S10D03_Files\S10D03_Files.csproj", "{14DE2BD4-000D-4FEF-A0D1-29986C607E3A}"
EndProject
Global
	GlobalSection(SolutionConfigurationPlatforms) = preSolution
		Debug|Any CPU = Debug|Any CPU
		Release|Any CPU = Release|Any CPU
	EndGlobalSection
	GlobalSection(ProjectConfigurationPlatforms) = postSolution
		{272F3B0F-488E-4558-97FE-6EF2149D0148}.Debug|Any CPU.ActiveCfg = Debug|Any CPU
		{272F3B0F-488E-4558-97FE-6EF2149D0148}.Debug|Any CPU.Build.0 = Debug|Any CPU
		{272F3B0F-488E-4558-97FE-6EF2149D0148}.Release|Any CPU.ActiveCfg = Release|Any CPU
		{272F3B0F-488E-4558-97FE-6EF2149D0148}.Release|Any CPU.Build.0 = Release|Any CPU
		{14DE2BD4-000D-4FEF-A0D1-29986C607E3A}.Debug|Any CPU.ActiveCfg = Debug|Any CPU
		{14DE2BD4-000D-4FEF-A0D1-29986C607E3A}.Debug|Any CPU.Build.0 = Debug|Any CPU
		{14DE2BD4-000D-4FEF-A0D1-29986C607E3A}.Release|Any CPU.ActiveCfg = Release|Any CPU
		{14DE2BD4-000D-4FEF-A0D1-29986C607E3A}.Release|Any CPU.Build.0 = Release|Any CPU
	EndGlobalSection
	GlobalSection(SolutionProperties) = preSolution
		HideSolutionNode = FALSE
	EndGlobalSection
EndGlobal
